
Microsoft Visual Studio Solution File, Format Version 10.00
# Visual Studio 2008
Project("{FAE04EC0-301F-11D3-BF4B-00C04F79EFBC}") = "QLite", "QLite\QLite.csproj", "{392818FE-09F6-4085-8597-2FF8AF84184C}"
EndProject
Project("{FAE04EC0-301F-11D3-BF4B-00C04F79EFBC}") = "QDemo", "QDemo\QDemo.csproj", "{03A9AEA7-AF28-4C15-A463-A5979E3E7CDB}"
EndProject
Global
	GlobalSection(SolutionConfigurationPlatforms) = preSolution
		Debug|Any CPU = Debug|Any CPU
		Release|Any CPU = Release|Any CPU
	EndGlobalSection
	GlobalSection(ProjectConfigurationPlatforms) = postSolution
		{392818FE-09F6-4085-8597-2FF8AF84184C}.Debug|Any CPU.ActiveCfg = Debug|Any CPU
		{392818FE-09F6-4085-8597-2FF8AF84184C}.Debug|Any CPU.Build.0 = Debug|Any CPU
		{392818FE-09F6-4085-8597-2FF8AF84184C}.Release|Any CPU.ActiveCfg = Release|Any CPU
		{392818FE-09F6-4085-8597-2FF8AF84184C}.Release|Any CPU.Build.0 = Release|Any CPU
		{03A9AEA7-AF28-4C15-A463-A5979E3E7CDB}.Debug|Any CPU.ActiveCfg = Debug|Any CPU
		{03A9AEA7-AF28-4C15-A463-A5979E3E7CDB}.Debug|Any CPU.Build.0 = Debug|Any CPU
		{03A9AEA7-AF28-4C15-A463-A5979E3E7CDB}.Release|Any CPU.ActiveCfg = Release|Any CPU
		{03A9AEA7-AF28-4C15-A463-A5979E3E7CDB}.Release|Any CPU.Build.0 = Release|Any CPU
	EndGlobalSection
	GlobalSection(SolutionProperties) = preSolution
		HideSolutionNode = FALSE
	EndGlobalSection
EndGlobal
